
Microsoft Visual Studio Solution File, Format Version 12.00
# Visual Studio Version 16
VisualStudioVersion = 16.0.32228.343
MinimumVisualStudioVersion = 10.0.40219.1
Project("{FAE04EC0-301F-11D3-BF4B-00C04F79EFBC}") = "FinalCursoGit", "FinalCursoGit\FinalCursoGit.csproj", "{FC1374E3-7CA6-491C-9227-508A8B11C5A7}"
EndProject
Global
	GlobalSection(SolutionConfigurationPlatforms) = preSolution
		Debug|Any CPU = Debug|Any CPU
		Release|Any CPU = Release|Any CPU
	EndGlobalSection
	GlobalSection(ProjectConfigurationPlatforms) = postSolution
		{FC1374E3-7CA6-491C-9227-508A8B11C5A7}.Debug|Any CPU.ActiveCfg = Debug|Any CPU
		{FC1374E3-7CA6-491C-9227-508A8B11C5A7}.Debug|Any CPU.Build.0 = Debug|Any CPU
		{FC1374E3-7CA6-491C-9227-508A8B11C5A7}.Release|Any CPU.ActiveCfg = Release|Any CPU
		{FC1374E3-7CA6-491C-9227-508A8B11C5A7}.Release|Any CPU.Build.0 = Release|Any CPU
	EndGlobalSection
	GlobalSection(SolutionProperties) = preSolution
		HideSolutionNode = FALSE
	EndGlobalSection
	GlobalSection(ExtensibilityGlobals) = postSolution
		SolutionGuid = {1C5C30E8-DC6D-468B-B6CB-E580C114AE93}
	EndGlobalSection
EndGlobal
